Microsoft Visual Studio Solution File, Format Version 12.00
# Visual Studio 2012
Project("{FAE04EC0-301F-11D3-BF4B-00C04F79EFBC}") = "Test", "Test.csproj", "{AB2030FA-3D63-4C21-800A-0788F8F35217}"
EndProject
Global
	GlobalSection(SolutionConfigurationPlatforms) = preSolution
	Debug|Any CPU = Debug|Any CPU
	ExportDebug|Any CPU = ExportDebug|Any CPU
	ExportRelease|Any CPU = ExportRelease|Any CPU
	EndGlobalSection
	GlobalSection(ProjectConfigurationPlatforms) = postSolution
		{AB2030FA-3D63-4C21-800A-0788F8F35217}.Debug|Any CPU.ActiveCfg = Debug|Any CPU
		{AB2030FA-3D63-4C21-800A-0788F8F35217}.Debug|Any CPU.Build.0 = Debug|Any CPU
		{AB2030FA-3D63-4C21-800A-0788F8F35217}.ExportDebug|Any CPU.ActiveCfg = ExportDebug|Any CPU
		{AB2030FA-3D63-4C21-800A-0788F8F35217}.ExportDebug|Any CPU.Build.0 = ExportDebug|Any CPU
		{AB2030FA-3D63-4C21-800A-0788F8F35217}.ExportRelease|Any CPU.ActiveCfg = ExportRelease|Any CPU
		{AB2030FA-3D63-4C21-800A-0788F8F35217}.ExportRelease|Any CPU.Build.0 = ExportRelease|Any CPU
	EndGlobalSection
EndGlobal
